
Microsoft Visual Studio Solution File, Format Version 12.00
# Visual Studio Version 17
VisualStudioVersion = 17.0.31903.59
MinimumVisualStudioVersion = 10.0.40219.1
Project("{2150E333-8FDC-42A3-9474-1A3956D46DE8}") = "src", "src", "{827E0CD3-B72D-47B6-A68D-7590B98EB39B}"
EndProject
Project("{FAE04EC0-301F-11D3-BF4B-00C04F79EFBC}") = "SimpleRti.Ptm", "src\SimpleRti.Ptm\SimpleRti.Ptm.csproj", "{9BA46AA2-32FC-4DEA-B1F3-C29C4B9D8575}"
EndProject
Project("{FAE04EC0-301F-11D3-BF4B-00C04F79EFBC}") = "SimpleRti.Renderer", "src\SimpleRti.Renderer\SimpleRti.Renderer.csproj", "{80B69887-A09A-435D-BBC1-30915E485C92}"
EndProject
Project("{FAE04EC0-301F-11D3-BF4B-00C04F79EFBC}") = "SimpleRti.App", "src\SimpleRti.App\SimpleRti.App.csproj", "{81FC2826-2844-4458-9CDF-A98CC5448782}"
EndProject
Project("{FAE04EC0-301F-11D3-BF4B-00C04F79EFBC}") = "SimpleRti.Ptm.Tests", "tests\SimpleRti.Ptm.Tests\SimpleRti.Ptm.Tests.csproj", "{0A996C24-E940-48CA-ACC6-9EDD13721432}"
EndProject
Global
	GlobalSection(SolutionConfigurationPlatforms) = preSolution
		Debug|Any CPU = Debug|Any CPU
		Debug|x64 = Debug|x64
		Debug|x86 = Debug|x86
		Release|Any CPU = Release|Any CPU
		Release|x64 = Release|x64
		Release|x86 = Release|x86
	EndGlobalSection
	GlobalSection(ProjectConfigurationPlatforms) = postSolution
		{9BA46AA2-32FC-4DEA-B1F3-C29C4B9D8575}.Debug|Any CPU.ActiveCfg = Debug|Any CPU
		{9BA46AA2-32FC-4DEA-B1F3-C29C4B9D8575}.Debug|Any CPU.Build.0 = Debug|Any CPU
		{9BA46AA2-32FC-4DEA-B1F3-C29C4B9D8575}.Debug|x64.ActiveCfg = Debug|Any CPU
		{9BA46AA2-32FC-4DEA-B1F3-C29C4B9D8575}.Debug|x64.Build.0 = Debug|Any CPU
		{9BA46AA2-32FC-4DEA-B1F3-C29C4B9D8575}.Debug|x86.ActiveCfg = Debug|Any CPU
		{9BA46AA2-32FC-4DEA-B1F3-C29C4B9D8575}.Debug|x86.Build.0 = Debug|Any CPU
		{9BA46AA2-32FC-4DEA-B1F3-C29C4B9D8575}.Release|Any CPU.ActiveCfg = Release|Any CPU
		{9BA46AA2-32FC-4DEA-B1F3-C29C4B9D8575}.Release|Any CPU.Build.0 = Release|Any CPU
		{9BA46AA2-32FC-4DEA-B1F3-C29C4B9D8575}.Release|x64.ActiveCfg = Release|Any CPU
		{9BA46AA2-32FC-4DEA-B1F3-C29C4B9D8575}.Release|x64.Build.0 = Release|Any CPU
		{9BA46AA2-32FC-4DEA-B1F3-C29C4B9D8575}.Release|x86.ActiveCfg = Release|Any CPU
		{9BA46AA2-32FC-4DEA-B1F3-C29C4B9D8575}.Release|x86.Build.0 = Release|Any CPU
		{80B69887-A09A-435D-BBC1-30915E485C92}.Debug|Any CPU.ActiveCfg = Debug|Any CPU
		{80B69887-A09A-435D-BBC1-30915E485C92}.Debug|Any CPU.Build.0 = Debug|Any CPU
		{80B69887-A09A-435D-BBC1-30915E485C92}.Debug|x64.ActiveCfg = Debug|Any CPU
		{80B69887-A09A-435D-BBC1-30915E485C92}.Debug|x64.Build.0 = Debug|Any CPU
		{80B69887-A09A-435D-BBC1-30915E485C92}.Debug|x86.ActiveCfg = Debug|Any CPU
		{80B69887-A09A-435D-BBC1-30915E485C92}.Debug|x86.Build.0 = Debug|Any CPU
		{80B69887-A09A-435D-BBC1-30915E485C92}.Release|Any CPU.ActiveCfg = Release|Any CPU
		{80B69887-A09A-435D-BBC1-30915E485C92}.Release|Any CPU.Build.0 = Release|Any CPU
		{80B69887-A09A-435D-BBC1-30915E485C92}.Release|x64.ActiveCfg = Release|Any CPU
		{80B69887-A09A-435D-BBC1-30915E485C92}.Release|x64.Build.0 = Release|Any CPU
		{80B69887-A09A-435D-BBC1-30915E485C92}.Release|x86.ActiveCfg = Release|Any CPU
		{80B69887-A09A-435D-BBC1-30915E485C92}.Release|x86.Build.0 = Release|Any CPU
		{81FC2826-2844-4458-9CDF-A98CC5448782}.Debug|Any CPU.ActiveCfg = Debug|Any CPU
		{81FC2826-2844-4458-9CDF-A98CC5448782}.Debug|Any CPU.Build.0 = Debug|Any CPU
		{81FC2826-2844-4458-9CDF-A98CC5448782}.Debug|x64.ActiveCfg = Debug|Any CPU
		{81FC2826-2844-4458-9CDF-A98CC5448782}.Debug|x64.Build.0 = Debug|Any CPU
		{81FC2826-2844-4458-9CDF-A98CC5448782}.Debug|x86.ActiveCfg = Debug|Any CPU
		{81FC2826-2844-4458-9CDF-A98CC5448782}.Debug|x86.Build.0 = Debug|Any CPU
		{81FC2826-2844-4458-9CDF-A98CC5448782}.Release|Any CPU.ActiveCfg = Release|Any CPU
		{81FC2826-2844-4458-9CDF-A98CC5448782}.Release|Any CPU.Build.0 = Release|Any CPU
		{81FC2826-2844-4458-9CDF-A98CC5448782}.Release|x64.ActiveCfg = Release|Any CPU
		{81FC2826-2844-4458-9CDF-A98CC5448782}.Release|x64.Build.0 = Release|Any CPU
		{81FC2826-2844-4458-9CDF-A98CC5448782}.Release|x86.ActiveCfg = Release|Any CPU
		{81FC2826-2844-4458-9CDF-A98CC5448782}.Release|x86.Build.0 = Release|Any CPU
		{0A996C24-E940-48CA-ACC6-9EDD13721432}.Debug|Any CPU.ActiveCfg = Debug|Any CPU
		{0A996C24-E940-48CA-ACC6-9EDD13721432}.Debug|Any CPU.Build.0 = Debug|Any CPU
		{0A996C24-E940-48CA-ACC6-9EDD13721432}.Debug|x64.ActiveCfg = Debug|Any CPU
		{0A996C24-E940-48CA-ACC6-9EDD13721432}.Debug|x64.Build.0 = Debug|Any CPU
		{0A996C24-E940-48CA-ACC6-9EDD13721432}.Debug|x86.ActiveCfg = Debug|Any CPU
		{0A996C24-E940-48CA-ACC6-9EDD13721432}.Debug|x86.Build.0 = Debug|Any CPU
		{0A996C24-E940-48CA-ACC6-9EDD13721432}.Release|Any CPU.ActiveCfg = Release|Any CPU
		{0A996C24-E940-48CA-ACC6-9EDD13721432}.Release|Any CPU.Build.0 = Release|Any CPU
		{0A996C24-E940-48CA-ACC6-9EDD13721432}.Release|x64.ActiveCfg = Release|Any CPU
		{0A996C24-E940-48CA-ACC6-9EDD13721432}.Release|x64.Build.0 = Release|Any CPU
		{0A996C24-E940-48CA-ACC6-9EDD13721432}.Release|x86.ActiveCfg = Release|Any CPU
		{0A996C24-E940-48CA-ACC6-9EDD13721432}.Release|x86.Build.0 = Release|Any CPU
	EndGlobalSection
	GlobalSection(SolutionProperties) = preSolution
		HideSolutionNode = FALSE
	EndGlobalSection
	GlobalSection(NestedProjects) = preSolution
		{9BA46AA2-32FC-4DEA-B1F3-C29C4B9D8575} = {827E0CD3-B72D-47B6-A68D-7590B98EB39B}
		{80B69887-A09A-435D-BBC1-30915E485C92} = {827E0CD3-B72D-47B6-A68D-7590B98EB39B}
		{81FC2826-2844-4458-9CDF-A98CC5448782} = {827E0CD3-B72D-47B6-A68D-7590B98EB39B}
		{0A996C24-E940-48CA-ACC6-9EDD13721432} = {827E0CD3-B72D-47B6-A68D-7590B98EB39B}
	EndGlobalSection
EndGlobal
